
Microsoft Visual Studio Solution File, Format Version 12.00
# Visual Studio Version 17
VisualStudioVersion = 17.5.33209.295
MinimumVisualStudioVersion = 10.0.40219.1
Project("{9A19103F-16F7-4668-BE54-9A1E7A4F7556}") = "SpeedGameApp", "SpeedGameApp\SpeedGameApp.csproj", "{3D6562DE-CEAB-4D16-8241-F0F59B285FC9}"
EndProject
Project("{2150E333-8FDC-42A3-9474-1A3956D46DE8}") = "Solution Items", "Solution Items", "{9063F0BA-88AE-4A6B-94C9-1707DCB0E7B7}"
	ProjectSection(SolutionItems) = preProject
		.editorconfig = .editorconfig
		Directory.Packages.props = Directory.Packages.props
		stylecop.json = stylecop.json
	EndProjectSection
EndProject
Project("{9A19103F-16F7-4668-BE54-9A1E7A4F7556}") = "SpeedGameApp.DataAccessLayer", "SpeedGameApp.DataAccessLayer\SpeedGameApp.DataAccessLayer.csproj", "{0706A4B7-3AFC-4E86-8497-6D386462C8B7}"
EndProject
Project("{9A19103F-16F7-4668-BE54-9A1E7A4F7556}") = "SpeedGameApp.Business", "SpeedGameApp.Business\SpeedGameApp.Business.csproj", "{54E33B2E-BD77-4AB7-B8F9-940CE569473B}"
EndProject
Project("{9A19103F-16F7-4668-BE54-9A1E7A4F7556}") = "SpeedGameApp.DataEnum", "SpeedGameApp.DataEnum\SpeedGameApp.DataEnum.csproj", "{3CAAA88E-6CA5-4540-9AC0-B733BD5F21F2}"
EndProject
Project("{2150E333-8FDC-42A3-9474-1A3956D46DE8}") = "Aspire", "Aspire", "{368BEF4E-19E6-47C2-AA4C-BA7244C7ECB5}"
EndProject
Project("{FAE04EC0-301F-11D3-BF4B-00C04F79EFBC}") = "SpeedGameApp.Aspire.Host", "Aspire\SpeedGameApp.Aspire.Host\SpeedGameApp.Aspire.Host.csproj", "{A1470989-1EF7-4F39-A08F-CE661F975DF6}"
EndProject
Project("{FAE04EC0-301F-11D3-BF4B-00C04F79EFBC}") = "SpeedGameApp.Aspire.ServiceDefaults", "Aspire\SpeedGameApp.Aspire.ServiceDefaults\SpeedGameApp.Aspire.ServiceDefaults.csproj", "{47174E08-3E51-405F-B094-04E80972A4B5}"
EndProject
Global
	GlobalSection(SolutionConfigurationPlatforms) = preSolution
		Debug|Any CPU = Debug|Any CPU
		Release|Any CPU = Release|Any CPU
	EndGlobalSection
	GlobalSection(ProjectConfigurationPlatforms) = postSolution
		{3D6562DE-CEAB-4D16-8241-F0F59B285FC9}.Debug|Any CPU.ActiveCfg = Debug|Any CPU
		{3D6562DE-CEAB-4D16-8241-F0F59B285FC9}.Debug|Any CPU.Build.0 = Debug|Any CPU
		{3D6562DE-CEAB-4D16-8241-F0F59B285FC9}.Release|Any CPU.ActiveCfg = Release|Any CPU
		{3D6562DE-CEAB-4D16-8241-F0F59B285FC9}.Release|Any CPU.Build.0 = Release|Any CPU
		{0706A4B7-3AFC-4E86-8497-6D386462C8B7}.Debug|Any CPU.ActiveCfg = Debug|Any CPU
		{0706A4B7-3AFC-4E86-8497-6D386462C8B7}.Debug|Any CPU.Build.0 = Debug|Any CPU
		{0706A4B7-3AFC-4E86-8497-6D386462C8B7}.Release|Any CPU.ActiveCfg = Release|Any CPU
		{0706A4B7-3AFC-4E86-8497-6D386462C8B7}.Release|Any CPU.Build.0 = Release|Any CPU
		{54E33B2E-BD77-4AB7-B8F9-940CE569473B}.Debug|Any CPU.ActiveCfg = Debug|Any CPU
		{54E33B2E-BD77-4AB7-B8F9-940CE569473B}.Debug|Any CPU.Build.0 = Debug|Any CPU
		{54E33B2E-BD77-4AB7-B8F9-940CE569473B}.Release|Any CPU.ActiveCfg = Release|Any CPU
		{54E33B2E-BD77-4AB7-B8F9-940CE569473B}.Release|Any CPU.Build.0 = Release|Any CPU
		{3CAAA88E-6CA5-4540-9AC0-B733BD5F21F2}.Debug|Any CPU.ActiveCfg = Debug|Any CPU
		{3CAAA88E-6CA5-4540-9AC0-B733BD5F21F2}.Debug|Any CPU.Build.0 = Debug|Any CPU
		{3CAAA88E-6CA5-4540-9AC0-B733BD5F21F2}.Release|Any CPU.ActiveCfg = Release|Any CPU
		{3CAAA88E-6CA5-4540-9AC0-B733BD5F21F2}.Release|Any CPU.Build.0 = Release|Any CPU
		{A1470989-1EF7-4F39-A08F-CE661F975DF6}.Debug|Any CPU.ActiveCfg = Debug|Any CPU
		{A1470989-1EF7-4F39-A08F-CE661F975DF6}.Debug|Any CPU.Build.0 = Debug|Any CPU
		{A1470989-1EF7-4F39-A08F-CE661F975DF6}.Release|Any CPU.ActiveCfg = Release|Any CPU
		{A1470989-1EF7-4F39-A08F-CE661F975DF6}.Release|Any CPU.Build.0 = Release|Any CPU
		{47174E08-3E51-405F-B094-04E80972A4B5}.Debug|Any CPU.ActiveCfg = Debug|Any CPU
		{47174E08-3E51-405F-B094-04E80972A4B5}.Debug|Any CPU.Build.0 = Debug|Any CPU
		{47174E08-3E51-405F-B094-04E80972A4B5}.Release|Any CPU.ActiveCfg = Release|Any CPU
		{47174E08-3E51-405F-B094-04E80972A4B5}.Release|Any CPU.Build.0 = Release|Any CPU
	EndGlobalSection
	GlobalSection(SolutionProperties) = preSolution
		HideSolutionNode = FALSE
	EndGlobalSection
	GlobalSection(ExtensibilityGlobals) = postSolution
		SolutionGuid = {10F3DB4D-601C-4009-9FB0-39F5ADF64EB4}
	EndGlobalSection
	GlobalSection(NestedProjects) = preSolution
		{A1470989-1EF7-4F39-A08F-CE661F975DF6} = {368BEF4E-19E6-47C2-AA4C-BA7244C7ECB5}
		{47174E08-3E51-405F-B094-04E80972A4B5} = {368BEF4E-19E6-47C2-AA4C-BA7244C7ECB5}
	EndGlobalSection
EndGlobal
